
Microsoft Visual Studio Solution File, Format Version 12.00
# Visual Studio Version 17
VisualStudioVersion = 17.12.35521.163 d17.12
MinimumVisualStudioVersion = 10.0.40219.1
Project("{FAE04EC0-301F-11D3-BF4B-00C04F79EFBC}") = "chat-test-task.Server", "chat-test-task.Server\chat-test-task.Server.csproj", "{CE0B2F48-7937-4836-8F16-497260E110FB}"
EndProject
Project("{54A90642-561A-4BB1-A94E-469ADEE60C69}") = "chat-test-task.client", "chat-test-task.client\chat-test-task.client.esproj", "{A0E832C9-4C66-4EB6-938F-EE0A454BC145}"
EndProject
Global
	GlobalSection(SolutionConfigurationPlatforms) = preSolution
		Debug|Any CPU = Debug|Any CPU
		Release|Any CPU = Release|Any CPU
	EndGlobalSection
	GlobalSection(ProjectConfigurationPlatforms) = postSolution
		{CE0B2F48-7937-4836-8F16-497260E110FB}.Debug|Any CPU.ActiveCfg = Debug|Any CPU
		{CE0B2F48-7937-4836-8F16-497260E110FB}.Debug|Any CPU.Build.0 = Debug|Any CPU
		{CE0B2F48-7937-4836-8F16-497260E110FB}.Release|Any CPU.ActiveCfg = Release|Any CPU
		{CE0B2F48-7937-4836-8F16-497260E110FB}.Release|Any CPU.Build.0 = Release|Any CPU
		{A0E832C9-4C66-4EB6-938F-EE0A454BC145}.Debug|Any CPU.ActiveCfg = Debug|Any CPU
		{A0E832C9-4C66-4EB6-938F-EE0A454BC145}.Debug|Any CPU.Build.0 = Debug|Any CPU
		{A0E832C9-4C66-4EB6-938F-EE0A454BC145}.Debug|Any CPU.Deploy.0 = Debug|Any CPU
		{A0E832C9-4C66-4EB6-938F-EE0A454BC145}.Release|Any CPU.ActiveCfg = Release|Any CPU
		{A0E832C9-4C66-4EB6-938F-EE0A454BC145}.Release|Any CPU.Build.0 = Release|Any CPU
		{A0E832C9-4C66-4EB6-938F-EE0A454BC145}.Release|Any CPU.Deploy.0 = Release|Any CPU
	EndGlobalSection
	GlobalSection(SolutionProperties) = preSolution
		HideSolutionNode = FALSE
	EndGlobalSection
EndGlobal
